
Microsoft Visual Studio Solution File, Format Version 12.00
# Visual Studio 15
VisualStudioVersion = 15.0.28307.779
MinimumVisualStudioVersion = 10.0.40219.1
Project("{FAE04EC0-301F-11D3-BF4B-00C04F79EFBC}") = "SamuraiApp.Domain", "SamuraiApp.Domain\SamuraiApp.Domain.csproj", "{9039E1E8-487B-4ABA-88E1-1DC459C1769E}"
EndProject
Project("{FAE04EC0-301F-11D3-BF4B-00C04F79EFBC}") = "SamuraiApp.Data", "SamuraiApp.Data\SamuraiApp.Data.csproj", "{194DEA44-011B-4828-A3DF-E7695B725F25}"
EndProject
Project("{FAE04EC0-301F-11D3-BF4B-00C04F79EFBC}") = "SomeUI", "SomeUI\SomeUI.csproj", "{6E3F3B37-CCC4-438F-9C87-FFFDD73EF209}"
EndProject
Project("{FAE04EC0-301F-11D3-BF4B-00C04F79EFBC}") = "Tests", "Tests\Tests.csproj", "{2EB7BDA0-FE99-459A-A442-BE689E80D82B}"
EndProject
Global
	GlobalSection(SolutionConfigurationPlatforms) = preSolution
		Debug|Any CPU = Debug|Any CPU
		Release|Any CPU = Release|Any CPU
	EndGlobalSection
	GlobalSection(ProjectConfigurationPlatforms) = postSolution
		{9039E1E8-487B-4ABA-88E1-1DC459C1769E}.Debug|Any CPU.ActiveCfg = Debug|Any CPU
		{9039E1E8-487B-4ABA-88E1-1DC459C1769E}.Debug|Any CPU.Build.0 = Debug|Any CPU
		{9039E1E8-487B-4ABA-88E1-1DC459C1769E}.Release|Any CPU.ActiveCfg = Release|Any CPU
		{9039E1E8-487B-4ABA-88E1-1DC459C1769E}.Release|Any CPU.Build.0 = Release|Any CPU
		{194DEA44-011B-4828-A3DF-E7695B725F25}.Debug|Any CPU.ActiveCfg = Debug|Any CPU
		{194DEA44-011B-4828-A3DF-E7695B725F25}.Debug|Any CPU.Build.0 = Debug|Any CPU
		{194DEA44-011B-4828-A3DF-E7695B725F25}.Release|Any CPU.ActiveCfg = Release|Any CPU
		{194DEA44-011B-4828-A3DF-E7695B725F25}.Release|Any CPU.Build.0 = Release|Any CPU
		{6E3F3B37-CCC4-438F-9C87-FFFDD73EF209}.Debug|Any CPU.ActiveCfg = Debug|Any CPU
		{6E3F3B37-CCC4-438F-9C87-FFFDD73EF209}.Debug|Any CPU.Build.0 = Debug|Any CPU
		{6E3F3B37-CCC4-438F-9C87-FFFDD73EF209}.Release|Any CPU.ActiveCfg = Release|Any CPU
		{6E3F3B37-CCC4-438F-9C87-FFFDD73EF209}.Release|Any CPU.Build.0 = Release|Any CPU
		{2EB7BDA0-FE99-459A-A442-BE689E80D82B}.Debug|Any CPU.ActiveCfg = Debug|Any CPU
		{2EB7BDA0-FE99-459A-A442-BE689E80D82B}.Debug|Any CPU.Build.0 = Debug|Any CPU
		{2EB7BDA0-FE99-459A-A442-BE689E80D82B}.Release|Any CPU.ActiveCfg = Release|Any CPU
		{2EB7BDA0-FE99-459A-A442-BE689E80D82B}.Release|Any CPU.Build.0 = Release|Any CPU
	EndGlobalSection
	GlobalSection(SolutionProperties) = preSolution
		HideSolutionNode = FALSE
	EndGlobalSection
	GlobalSection(ExtensibilityGlobals) = postSolution
		SolutionGuid = {0B891847-A79D-4E5A-B59F-8B83540D8EAC}
	EndGlobalSection
EndGlobal
